
Microsoft Visual Studio Solution File, Format Version 12.00
# Visual Studio Version 17
VisualStudioVersion = 17.8.34330.188
MinimumVisualStudioVersion = 10.0.40219.1
Project("{FAE04EC0-301F-11D3-BF4B-00C04F79EFBC}") = "degiskenler_projesi", "degiskenler_projesi.csproj", "{0769E260-1BA0-4877-951E-E2563E112D9F}"
EndProject
Global
	GlobalSection(SolutionConfigurationPlatforms) = preSolution
		Debug|Any CPU = Debug|Any CPU
		Release|Any CPU = Release|Any CPU
	EndGlobalSection
	GlobalSection(ProjectConfigurationPlatforms) = postSolution
		{0769E260-1BA0-4877-951E-E2563E112D9F}.Debug|Any CPU.ActiveCfg = Debug|Any CPU
		{0769E260-1BA0-4877-951E-E2563E112D9F}.Debug|Any CPU.Build.0 = Debug|Any CPU
		{0769E260-1BA0-4877-951E-E2563E112D9F}.Release|Any CPU.ActiveCfg = Release|Any CPU
		{0769E260-1BA0-4877-951E-E2563E112D9F}.Release|Any CPU.Build.0 = Release|Any CPU
	EndGlobalSection
	GlobalSection(SolutionProperties) = preSolution
		HideSolutionNode = FALSE
	EndGlobalSection
	GlobalSection(ExtensibilityGlobals) = postSolution
		SolutionGuid = {F3EF9F4E-255A-4C06-85D4-A3A56203D872}
	EndGlobalSection
EndGlobal
